
Microsoft Visual Studio Solution File, Format Version 12.00
# Visual Studio Version 16
VisualStudioVersion = 16.0.29411.108
MinimumVisualStudioVersion = 10.0.40219.1
Project("{8BC9CEB8-8B4A-11D0-8D11-00A0C91BC942}") = "GCDandLCM", "GCDandLCM\GCDandLCM.vcxproj", "{9AAB358B-3FE2-4F9D-80AF-C077BC553DF4}"
EndProject
Global
	GlobalSection(SolutionConfigurationPlatforms) = preSolution
		Debug|x64 = Debug|x64
		Debug|x86 = Debug|x86
		Release|x64 = Release|x64
		Release|x86 = Release|x86
	EndGlobalSection
	GlobalSection(ProjectConfigurationPlatforms) = postSolution
		{9AAB358B-3FE2-4F9D-80AF-C077BC553DF4}.Debug|x64.ActiveCfg = Debug|x64
		{9AAB358B-3FE2-4F9D-80AF-C077BC553DF4}.Debug|x64.Build.0 = Debug|x64
		{9AAB358B-3FE2-4F9D-80AF-C077BC553DF4}.Debug|x86.ActiveCfg = Debug|Win32
		{9AAB358B-3FE2-4F9D-80AF-C077BC553DF4}.Debug|x86.Build.0 = Debug|Win32
		{9AAB358B-3FE2-4F9D-80AF-C077BC553DF4}.Release|x64.ActiveCfg = Release|x64
		{9AAB358B-3FE2-4F9D-80AF-C077BC553DF4}.Release|x64.Build.0 = Release|x64
		{9AAB358B-3FE2-4F9D-80AF-C077BC553DF4}.Release|x86.ActiveCfg = Release|Win32
		{9AAB358B-3FE2-4F9D-80AF-C077BC553DF4}.Release|x86.Build.0 = Release|Win32
	EndGlobalSection
	GlobalSection(SolutionProperties) = preSolution
		HideSolutionNode = FALSE
	EndGlobalSection
	GlobalSection(ExtensibilityGlobals) = postSolution
		SolutionGuid = {1ED786AE-6CEA-4AD6-8CE7-E7B06DD4169A}
	EndGlobalSection
EndGlobal
